
Microsoft Visual Studio Solution File, Format Version 12.00
# Visual Studio 15
VisualStudioVersion = 15.0.28307.489
MinimumVisualStudioVersion = 10.0.40219.1
Project("{FAE04EC0-301F-11D3-BF4B-00C04F79EFBC}") = "ConsolaHitss", "ConsolaHitss\ConsolaHitss.csproj", "{DCF2102A-07D7-4EA0-98AF-5F3C1518F224}"
EndProject
Global
	GlobalSection(SolutionConfigurationPlatforms) = preSolution
		Debug|Any CPU = Debug|Any CPU
		Release|Any CPU = Release|Any CPU
	EndGlobalSection
	GlobalSection(ProjectConfigurationPlatforms) = postSolution
		{DCF2102A-07D7-4EA0-98AF-5F3C1518F224}.Debug|Any CPU.ActiveCfg = Debug|Any CPU
		{DCF2102A-07D7-4EA0-98AF-5F3C1518F224}.Debug|Any CPU.Build.0 = Debug|Any CPU
		{DCF2102A-07D7-4EA0-98AF-5F3C1518F224}.Release|Any CPU.ActiveCfg = Release|Any CPU
		{DCF2102A-07D7-4EA0-98AF-5F3C1518F224}.Release|Any CPU.Build.0 = Release|Any CPU
	EndGlobalSection
	GlobalSection(SolutionProperties) = preSolution
		HideSolutionNode = FALSE
	EndGlobalSection
	GlobalSection(ExtensibilityGlobals) = postSolution
		SolutionGuid = {8B7AD258-75DA-45E5-BCA2-6E83C5ABC743}
	EndGlobalSection
EndGlobal
